// !$*UTF8*$!
{
	archiveVersion = 1;
	classes = {
	};
	objectVersion = 50;
	objects = {

/* Begin PBXBuildFile section */
		AE04A159257BBA8000CB40E5 /* Landmark.swift in Sources */ = {isa = PBXBuildFile; fileRef = AE04A158257BBA8000CB40E5 /* Landmark.swift */; };
		AE04A15E257BBCA100CB40E5 /* Data.swift in Sources */ = {isa = PBXBuildFile; fileRef = AE04A15D257BBCA100CB40E5 /* Data.swift */; };
		AE04A163257BC04D00CB40E5 /* landmarkData.json in Resources */ = {isa = PBXBuildFile; fileRef = AE04A162257BC04D00CB40E5 /* landmarkData.json */; };
		AE04A16B257BC07000CB40E5 /* icybay.jpg in Resources */ = {isa = PBXBuildFile; fileRef = AE04A166257BC06F00CB40E5 /* icybay.jpg */; };
		AE04A16C257BC07000CB40E5 /* lakemcdonald.jpg in Resources */ = {isa = PBXBuildFile; fileRef = AE04A167257BC06F00CB40E5 /* lakemcdonald.jpg */; };
		AE04A16D257BC07000CB40E5 /* chilkoottrail.jpg in Resources */ = {isa = PBXBuildFile; fileRef = AE04A168257BC06F00CB40E5 /* chilkoottrail.jpg */; };
		AE04A16E257BC07000CB40E5 /* hiddenlake.jpg in Resources */ = {isa = PBXBuildFile; fileRef = AE04A169257BC07000CB40E5 /* hiddenlake.jpg */; };
		AE04A16F257BC07000CB40E5 /* chincoteague.jpg in Resources */ = {isa = PBXBuildFile; fileRef = AE04A16A257BC07000CB40E5 /* chincoteague.jpg */; };
		AE04A179257BC07900CB40E5 /* silversalmoncreek.jpg in Resources */ = {isa = PBXBuildFile; fileRef = AE04A172257BC07800CB40E5 /* silversalmoncreek.jpg */; };
		AE04A17A257BC07900CB40E5 /* stmarylake.jpg in Resources */ = {isa = PBXBuildFile; fileRef = AE04A173257BC07800CB40E5 /* stmarylake.jpg */; };
		AE04A17B257BC07900CB40E5 /* twinlake.jpg in Resources */ = {isa = PBXBuildFile; fileRef = AE04A174257BC07800CB40E5 /* twinlake.jpg */; };
		AE04A17C257BC07900CB40E5 /* turtlerock.jpg in Resources */ = {isa = PBXBuildFile; fileRef = AE04A175257BC07900CB40E5 /* turtlerock.jpg */; };
		AE04A17D257BC07900CB40E5 /* rainbowlake.jpg in Resources */ = {isa = PBXBuildFile; fileRef = AE04A176257BC07900CB40E5 /* rainbowlake.jpg */; };
		AE04A17E257BC07900CB40E5 /* umbagog.jpg in Resources */ = {isa = PBXBuildFile; fileRef = AE04A177257BC07900CB40E5 /* umbagog.jpg */; };
		AE04A186257BCA0800CB40E5 /* LandmarkRow.swift in Sources */ = {isa = PBXBuildFile; fileRef = AE04A185257BCA0800CB40E5 /* LandmarkRow.swift */; };
		AE04A189257BCBD200CB40E5 /* LandmarkList.swift in Sources */ = {isa = PBXBuildFile; fileRef = AE04A188257BCBD200CB40E5 /* LandmarkList.swift */; };
		AE52B141257BF4D70099A982 /* charleyrivers.jpg in Resources */ = {isa = PBXBuildFile; fileRef = AE52B140257BF4D70099A982 /* charleyrivers.jpg */; };
		AE52B145257BF5350099A982 /* UserData.swift in Sources */ = {isa = PBXBuildFile; fileRef = AE52B144257BF5350099A982 /* UserData.swift */; };
		AE75A82C2579220C0003941E /* AppDelegate.swift in Sources */ = {isa = PBXBuildFile; fileRef = AE75A82B2579220C0003941E /* AppDelegate.swift */; };
		AE75A82E2579220C0003941E /* SceneDelegate.swift in Sources */ = {isa = PBXBuildFile; fileRef = AE75A82D2579220C0003941E /* SceneDelegate.swift */; };
		AE75A8302579220C0003941E /* LandmarkDetail.swift in Sources */ = {isa = PBXBuildFile; fileRef = AE75A82F2579220C0003941E /* LandmarkDetail.swift */; };
		AE75A832257922110003941E /* Assets.xcassets in Resources */ = {isa = PBXBuildFile; fileRef = AE75A831257922110003941E /* Assets.xcassets */; };
		AE75A835257922110003941E /* Preview Assets.xcassets in Resources */ = {isa = PBXBuildFile; fileRef = AE75A834257922110003941E /* Preview Assets.xcassets */; };
		AE75A838257922110003941E /* LaunchScreen.storyboard in Resources */ = {isa = PBXBuildFile; fileRef = AE75A836257922110003941E /* LaunchScreen.storyboard */; };
		AE75A841257929490003941E /* CircleImage.swift in Sources */ = {isa = PBXBuildFile; fileRef = AE75A840257929490003941E /* CircleImage.swift */; };
		AEB1EF3025792ABC006AC43E /* MapView.swift in Sources */ = {isa = PBXBuildFile; fileRef = AEB1EF2F25792ABC006AC43E /* MapView.swift */; };
/* End PBXBuildFile section */

/* Begin PBXFileReference section */
		AE04A158257BBA8000CB40E5 /* Landmark.swift */ = {isa = PBXFileReference; lastKnownFileType = sourcecode.swift; path = Landmark.swift; sourceTree = "<group>"; };
		AE04A15D257BBCA100CB40E5 /* Data.swift */ = {isa = PBXFileReference; lastKnownFileType = sourcecode.swift; path = Data.swift; sourceTree = "<group>"; };
		AE04A162257BC04D00CB40E5 /* landmarkData.json */ = {isa = PBXFileReference; fileEncoding = 4; lastKnownFileType = text.json; path = landmarkData.json; sourceTree = "<group>"; };
		AE04A166257BC06F00CB40E5 /* icybay.jpg */ = {isa = PBXFileReference; lastKnownFileType = image.jpeg; path = icybay.jpg; sourceTree = "<group>"; };
		AE04A167257BC06F00CB40E5 /* lakemcdonald.jpg */ = {isa = PBXFileReference; lastKnownFileType = image.jpeg; path = lakemcdonald.jpg; sourceTree = "<group>"; };
		AE04A168257BC06F00CB40E5 /* chilkoottrail.jpg */ = {isa = PBXFileReference; lastKnownFileType = image.jpeg; path = chilkoottrail.jpg; sourceTree = "<group>"; };
		AE04A169257BC07000CB40E5 /* hiddenlake.jpg */ = {isa = PBXFileReference; lastKnownFileType = image.jpeg; path = hiddenlake.jpg; sourceTree = "<group>"; };
		AE04A16A257BC07000CB40E5 /* chincoteague.jpg */ = {isa = PBXFileReference; lastKnownFileType = image.jpeg; path = chincoteague.jpg; sourceTree = "<group>"; };
		AE04A172257BC07800CB40E5 /* silversalmoncreek.jpg */ = {isa = PBXFileReference; lastKnownFileType = image.jpeg; path = silversalmoncreek.jpg; sourceTree = "<group>"; };
		AE04A173257BC07800CB40E5 /* stmarylake.jpg */ = {isa = PBXFileReference; lastKnownFileType = image.jpeg; path = stmarylake.jpg; sourceTree = "<group>"; };
		AE04A174257BC07800CB40E5 /* twinlake.jpg */ = {isa = PBXFileReference; lastKnownFileType = image.jpeg; path = twinlake.jpg; sourceTree = "<group>"; };
		AE04A175257BC07900CB40E5 /* turtlerock.jpg */ = {isa = PBXFileReference; lastKnownFileType = image.jpeg; path = turtlerock.jpg; sourceTree = "<group>"; };
		AE04A176257BC07900CB40E5 /* rainbowlake.jpg */ = {isa = PBXFileReference; lastKnownFileType = image.jpeg; path = rainbowlake.jpg; sourceTree = "<group>"; };
		AE04A177257BC07900CB40E5 /* umbagog.jpg */ = {isa = PBXFileReference; lastKnownFileType = image.jpeg; path = umbagog.jpg; sourceTree = "<group>"; };
		AE04A185257BCA0800CB40E5 /* LandmarkRow.swift */ = {isa = PBXFileReference; lastKnownFileType = sourcecode.swift; path = LandmarkRow.swift; sourceTree = "<group>"; };
		AE04A188257BCBD200CB40E5 /* LandmarkList.swift */ = {isa = PBXFileReference; lastKnownFileType = sourcecode.swift; path = LandmarkList.swift; sourceTree = "<group>"; };
		AE52B140257BF4D70099A982 /* charleyrivers.jpg */ = {isa = PBXFileReference; lastKnownFileType = image.jpeg; path = charleyrivers.jpg; sourceTree = "<group>"; };
		AE52B144257BF5350099A982 /* UserData.swift */ = {isa = PBXFileReference; lastKnownFileType = sourcecode.swift; path = UserData.swift; sourceTree = "<group>"; };
		AE75A8282579220C0003941E /* Landmarks.app */ = {isa = PBXFileReference; explicitFileType = wrapper.application; includeInIndex = 0; path = Landmarks.app; sourceTree = BUILT_PRODUCTS_DIR; };
		AE75A82B2579220C0003941E /* AppDelegate.swift */ = {isa = PBXFileReference; lastKnownFileType = sourcecode.swift; path = AppDelegate.swift; sourceTree = "<group>"; };
		AE75A82D2579220C0003941E /* SceneDelegate.swift */ = {isa = PBXFileReference; lastKnownFileType = sourcecode.swift; path = SceneDelegate.swift; sourceTree = "<group>"; };
		AE75A82F2579220C0003941E /* LandmarkDetail.swift */ = {isa = PBXFileReference; lastKnownFileType = sourcecode.swift; path = LandmarkDetail.swift; sourceTree = "<group>"; };
		AE75A831257922110003941E /* Assets.xcassets */ = {isa = PBXFileReference; lastKnownFileType = folder.assetcatalog; path = Assets.xcassets; sourceTree = "<group>"; };
		AE75A834257922110003941E /* Preview Assets.xcassets */ = {isa = PBXFileReference; lastKnownFileType = folder.assetcatalog; path = "Preview Assets.xcassets"; sourceTree = "<group>"; };
		AE75A837257922110003941E /* Base */ = {isa = PBXFileReference; lastKnownFileType = file.storyboard; name = Base; path = Base.lproj/LaunchScreen.storyboard; sourceTree = "<group>"; };
		AE75A839257922110003941E /* Info.plist */ = {isa = PBXFileReference; lastKnownFileType = text.plist.xml; path = Info.plist; sourceTree = "<group>"; };
		AE75A840257929490003941E /* CircleImage.swift */ = {isa = PBXFileReference; lastKnownFileType = sourcecode.swift; path = CircleImage.swift; sourceTree = "<group>"; };
		AEB1EF2F25792ABC006AC43E /* MapView.swift */ = {isa = PBXFileReference; lastKnownFileType = sourcecode.swift; path = MapView.swift; sourceTree = "<group>"; };
/* End PBXFileReference section */

/* Begin PBXFrameworksBuildPhase section */
		AE75A8252579220C0003941E /* Frameworks */ = {
			isa = PBXFrameworksBuildPhase;
			buildActionMask = 2147483647;
			files = (
			);
			runOnlyForDeploymentPostprocessing = 0;
		};
/* End PBXFrameworksBuildPhase section */

/* Begin PBXGroup section */
		AE04A156257BBA5D00CB40E5 /* Supporting Views  */ = {
			isa = PBXGroup;
			children = (
				AE75A840257929490003941E /* CircleImage.swift */,
				AEB1EF2F25792ABC006AC43E /* MapView.swift */,
			);
			path = "Supporting Views ";
			sourceTree = "<group>";
		};
		AE04A160257BBCA800CB40E5 /* Models */ = {
			isa = PBXGroup;
			children = (
				AE04A15D257BBCA100CB40E5 /* Data.swift */,
				AE04A158257BBA8000CB40E5 /* Landmark.swift */,
			);
			path = Models;
			sourceTree = "<group>";
		};
		AE04A165257BC05900CB40E5 /* Resources */ = {
			isa = PBXGroup;
			children = (
				AE04A168257BC06F00CB40E5 /* chilkoottrail.jpg */,
				AE04A16A257BC07000CB40E5 /* chincoteague.jpg */,
				AE04A169257BC07000CB40E5 /* hiddenlake.jpg */,
				AE04A166257BC06F00CB40E5 /* icybay.jpg */,
				AE04A167257BC06F00CB40E5 /* lakemcdonald.jpg */,
				AE04A176257BC07900CB40E5 /* rainbowlake.jpg */,
				AE04A172257BC07800CB40E5 /* silversalmoncreek.jpg */,
				AE04A173257BC07800CB40E5 /* stmarylake.jpg */,
				AE04A175257BC07900CB40E5 /* turtlerock.jpg */,
				AE04A174257BC07800CB40E5 /* twinlake.jpg */,
				AE04A177257BC07900CB40E5 /* umbagog.jpg */,
				AE52B140257BF4D70099A982 /* charleyrivers.jpg */,
				AE04A162257BC04D00CB40E5 /* landmarkData.json */,
			);
			path = Resources;
			sourceTree = "<group>";
		};
		AE75A81F2579220C0003941E = {
			isa = PBXGroup;
			children = (
				AE75A82A2579220C0003941E /* Landmarks */,
				AE75A8292579220C0003941E /* Products */,
			);
			sourceTree = "<group>";
		};
		AE75A8292579220C0003941E /* Products */ = {
			isa = PBXGroup;
			children = (
				AE75A8282579220C0003941E /* Landmarks.app */,
			);
			name = Products;
			sourceTree = "<group>";
		};
		AE75A82A2579220C0003941E /* Landmarks */ = {
			isa = PBXGroup;
			children = (
				AE75A82B2579220C0003941E /* AppDelegate.swift */,
				AE75A82D2579220C0003941E /* SceneDelegate.swift */,
				AE04A188257BCBD200CB40E5 /* LandmarkList.swift */,
				AE04A185257BCA0800CB40E5 /* LandmarkRow.swift */,
				AE75A82F2579220C0003941E /* LandmarkDetail.swift */,
				AE52B144257BF5350099A982 /* UserData.swift */,
				AE75A831257922110003941E /* Assets.xcassets */,
				AE04A160257BBCA800CB40E5 /* Models */,
				AE04A165257BC05900CB40E5 /* Resources */,
				AE04A156257BBA5D00CB40E5 /* Supporting Views  */,
				AE75A836257922110003941E /* LaunchScreen.storyboard */,
				AE75A839257922110003941E /* Info.plist */,
				AE75A833257922110003941E /* Preview Content */,
			);
			path = Landmarks;
			sourceTree = "<group>";
		};
		AE75A833257922110003941E /* Preview Content */ = {
			isa = PBXGroup;
			children = (
				AE75A834257922110003941E /* Preview Assets.xcassets */,
			);
			path = "Preview Content";
			sourceTree = "<group>";
		};
/* End PBXGroup section */

/* Begin PBXNativeTarget section */
		AE75A8272579220C0003941E /* Landmarks */ = {
			isa = PBXNativeTarget;
			buildConfigurationList = AE75A83C257922110003941E /* Build configuration list for PBXNativeTarget "Landmarks" */;
			buildPhases = (
				AE75A8242579220C0003941E /* Sources */,
				AE75A8252579220C0003941E /* Frameworks */,
				AE75A8262579220C0003941E /* Resources */,
			);
			buildRules = (
			);
			dependencies = (
			);
			name = Landmarks;
			productName = Landmarks;
			productReference = AE75A8282579220C0003941E /* Landmarks.app */;
			productType = "com.apple.product-type.application";
		};
/* End PBXNativeTarget section */

/* Begin PBXProject section */
		AE75A8202579220C0003941E /* Project object */ = {
			isa = PBXProject;
			attributes = {
				LastSwiftUpdateCheck = 1210;
				LastUpgradeCheck = 1210;
				TargetAttributes = {
					AE75A8272579220C0003941E = {
						CreatedOnToolsVersion = 12.1;
					};
				};
			};
			buildConfigurationList = AE75A8232579220C0003941E /* Build configuration list for PBXProject "Landmarks" */;
			compatibilityVersion = "Xcode 9.3";
			developmentRegion = en;
			hasScannedForEncodings = 0;
			knownRegions = (
				en,
				Base,
			);
			mainGroup = AE75A81F2579220C0003941E;
			productRefGroup = AE75A8292579220C0003941E /* Products */;
			projectDirPath = "";
			projectRoot = "";
			targets = (
				AE75A8272579220C0003941E /* Landmarks */,
			);
		};
/* End PBXProject section */

/* Begin PBXResourcesBuildPhase section */
		AE75A8262579220C0003941E /* Resources */ = {
			isa = PBXResourcesBuildPhase;
			buildActionMask = 2147483647;
			files = (
				AE04A16C257BC07000CB40E5 /* lakemcdonald.jpg in Resources */,
				AE04A17D257BC07900CB40E5 /* rainbowlake.jpg in Resources */,
				AE75A838257922110003941E /* LaunchScreen.storyboard in Resources */,
				AE04A17C257BC07900CB40E5 /* turtlerock.jpg in Resources */,
				AE04A16D257BC07000CB40E5 /* chilkoottrail.jpg in Resources */,
				AE04A16F257BC07000CB40E5 /* chincoteague.jpg in Resources */,
				AE52B141257BF4D70099A982 /* charleyrivers.jpg in Resources */,
				AE04A163257BC04D00CB40E5 /* landmarkData.json in Resources */,
				AE04A17A257BC07900CB40E5 /* stmarylake.jpg in Resources */,
				AE75A835257922110003941E /* Preview Assets.xcassets in Resources */,
				AE04A16B257BC07000CB40E5 /* icybay.jpg in Resources */,
				AE04A179257BC07900CB40E5 /* silversalmoncreek.jpg in Resources */,
				AE04A17E257BC07900CB40E5 /* umbagog.jpg in Resources */,
				AE04A16E257BC07000CB40E5 /* hiddenlake.jpg in Resources */,
				AE04A17B257BC07900CB40E5 /* twinlake.jpg in Resources */,
				AE75A832257922110003941E /* Assets.xcassets in Resources */,
			);
			runOnlyForDeploymentPostprocessing = 0;
		};
/* End PBXResourcesBuildPhase section */

/* Begin PBXSourcesBuildPhase section */
		AE75A8242579220C0003941E /* Sources */ = {
			isa = PBXSourcesBuildPhase;
			buildActionMask = 2147483647;
			files = (
				AE04A15E257BBCA100CB40E5 /* Data.swift in Sources */,
				AE75A82C2579220C0003941E /* AppDelegate.swift in Sources */,
				AE75A841257929490003941E /* CircleImage.swift in Sources */,
				AEB1EF3025792ABC006AC43E /* MapView.swift in Sources */,
				AE04A189257BCBD200CB40E5 /* LandmarkList.swift in Sources */,
				AE75A82E2579220C0003941E /* SceneDelegate.swift in Sources */,
				AE75A8302579220C0003941E /* LandmarkDetail.swift in Sources */,
				AE04A186257BCA0800CB40E5 /* LandmarkRow.swift in Sources */,
				AE52B145257BF5350099A982 /* UserData.swift in Sources */,
				AE04A159257BBA8000CB40E5 /* Landmark.swift in Sources */,
			);
			runOnlyForDeploymentPostprocessing = 0;
		};
/* End PBXSourcesBuildPhase section */

/* Begin PBXVariantGroup section */
		AE75A836257922110003941E /* LaunchScreen.storyboard */ = {
			isa = PBXVariantGroup;
			children = (
				AE75A837257922110003941E /* Base */,
			);
			name = LaunchScreen.storyboard;
			sourceTree = "<group>";
		};
/* End PBXVariantGroup section */

/* Begin XCBuildConfiguration section */
		AE75A83A257922110003941E /* Debug */ = {
			isa = XCBuildConfiguration;
			buildSettings = {
				ALWAYS_SEARCH_USER_PATHS = NO;
				CLANG_ANALYZER_NONNULL = YES;
				CLANG_ANALYZER_NUMBER_OBJECT_CONVERSION = YES_AGGRESSIVE;
				CLANG_CXX_LANGUAGE_STANDARD = "gnu++14";
				CLANG_CXX_LIBRARY = "libc++";
				CLANG_ENABLE_MODULES = YES;
				CLANG_ENABLE_OBJC_ARC = YES;
				CLANG_ENABLE_OBJC_WEAK = YES;
				CLANG_WARN_BLOCK_CAPTURE_AUTORELEASING = YES;
				CLANG_WARN_BOOL_CONVERSION = YES;
				CLANG_WARN_COMMA = YES;
				CLANG_WARN_CONSTANT_CONVERSION = YES;
				CLANG_WARN_DEPRECATED_OBJC_IMPLEMENTATIONS = YES;
				CLANG_WARN_DIRECT_OBJC_ISA_USAGE = YES_ERROR;
				CLANG_WARN_DOCUMENTATION_COMMENTS = YES;
				CLANG_WARN_EMPTY_BODY = YES;
				CLANG_WARN_ENUM_CONVERSION = YES;
				CLANG_WARN_INFINITE_RECURSION = YES;
				CLANG_WARN_INT_CONVERSION = YES;
				CLANG_WARN_NON_LITERAL_NULL_CONVERSION = YES;
				CLANG_WARN_OBJC_IMPLICIT_RETAIN_SELF = YES;
				CLANG_WARN_OBJC_LITERAL_CONVERSION = YES;
				CLANG_WARN_OBJC_ROOT_CLASS = YES_ERROR;
				CLANG_WARN_QUOTED_INCLUDE_IN_FRAMEWORK_HEADER = YES;
				CLANG_WARN_RANGE_LOOP_ANALYSIS = YES;
				CLANG_WARN_STRICT_PROTOTYPES = YES;
				CLANG_WARN_SUSPICIOUS_MOVE = YES;
				CLANG_WARN_UNGUARDED_AVAILABILITY = YES_AGGRESSIVE;
				CLANG_WARN_UNREACHABLE_CODE = YES;
				CLANG_WARN__DUPLICATE_METHOD_MATCH = YES;
				COPY_PHASE_STRIP = NO;
				DEBUG_INFORMATION_FORMAT = dwarf;
				ENABLE_STRICT_OBJC_MSGSEND = YES;
				ENABLE_TESTABILITY = YES;
				GCC_C_LANGUAGE_STANDARD = gnu11;
				GCC_DYNAMIC_NO_PIC = NO;
				GCC_NO_COMMON_BLOCKS = YES;
				GCC_OPTIMIZATION_LEVEL = 0;
				GCC_PREPROCESSOR_DEFINITIONS = (
					"DEBUG=1",
					"$(inherited)",
				);
				GCC_WARN_64_TO_32_BIT_CONVERSION = YES;
				GCC_WARN_ABOUT_RETURN_TYPE = YES_ERROR;
				GCC_WARN_UNDECLARED_SELECTOR = YES;
				GCC_WARN_UNINITIALIZED_AUTOS = YES_AGGRESSIVE;
				GCC_WARN_UNUSED_FUNCTION = YES;
				GCC_WARN_UNUSED_VARIABLE = YES;
				IPHONEOS_DEPLOYMENT_TARGET = 14.1;
				MTL_ENABLE_DEBUG_INFO = INCLUDE_SOURCE;
				MTL_FAST_MATH = YES;
				ONLY_ACTIVE_ARCH = YES;
				SDKROOT = iphoneos;
				SWIFT_ACTIVE_COMPILATION_CONDITIONS = DEBUG;
				SWIFT_OPTIMIZATION_LEVEL = "-Onone";
			};
			name = Debug;
		};
		AE75A83B257922110003941E /* Release */ = {
			isa = XCBuildConfiguration;
			buildSettings = {
				ALWAYS_SEARCH_USER_PATHS = NO;
				CLANG_ANALYZER_NONNULL = YES;
				CLANG_ANALYZER_NUMBER_OBJECT_CONVERSION = YES_AGGRESSIVE;
				CLANG_CXX_LANGUAGE_STANDARD = "gnu++14";
				CLANG_CXX_LIBRARY = "libc++";
				CLANG_ENABLE_MODULES = YES;
				CLANG_ENABLE_OBJC_ARC = YES;
				CLANG_ENABLE_OBJC_WEAK = YES;
				CLANG_WARN_BLOCK_CAPTURE_AUTORELEASING = YES;
				CLANG_WARN_BOOL_CONVERSION = YES;
				CLANG_WARN_COMMA = YES;
				CLANG_WARN_CONSTANT_CONVERSION = YES;
				CLANG_WARN_DEPRECATED_OBJC_IMPLEMENTATIONS = YES;
				CLANG_WARN_DIRECT_OBJC_ISA_USAGE = YES_ERROR;
				CLANG_WARN_DOCUMENTATION_COMMENTS = YES;
				CLANG_WARN_EMPTY_BODY = YES;
				CLANG_WARN_ENUM_CONVERSION = YES;
				CLANG_WARN_INFINITE_RECURSION = YES;
				CLANG_WARN_INT_CONVERSION = YES;
				CLANG_WARN_NON_LITERAL_NULL_CONVERSION = YES;
				CLANG_WARN_OBJC_IMPLICIT_RETAIN_SELF = YES;
				CLANG_WARN_OBJC_LITERAL_CONVERSION = YES;
				CLANG_WARN_OBJC_ROOT_CLASS = YES_ERROR;
				CLANG_WARN_QUOTED_INCLUDE_IN_FRAMEWORK_HEADER = YES;
				CLANG_WARN_RANGE_LOOP_ANALYSIS = YES;
				CLANG_WARN_STRICT_PROTOTYPES = YES;
				CLANG_WARN_SUSPICIOUS_MOVE = YES;
				CLANG_WARN_UNGUARDED_AVAILABILITY = YES_AGGRESSIVE;
				CLANG_WARN_UNREACHABLE_CODE = YES;
				CLANG_WARN__DUPLICATE_METHOD_MATCH = YES;
				COPY_PHASE_STRIP = NO;
				DEBUG_INFORMATION_FORMAT = "dwarf-with-dsym";
				ENABLE_NS_ASSERTIONS = NO;
				ENABLE_STRICT_OBJC_MSGSEND = YES;
				GCC_C_LANGUAGE_STANDARD = gnu11;
				GCC_NO_COMMON_BLOCKS = YES;
				GCC_WARN_64_TO_32_BIT_CONVERSION = YES;
				GCC_WARN_ABOUT_RETURN_TYPE = YES_ERROR;
				GCC_WARN_UNDECLARED_SELECTOR = YES;
				GCC_WARN_UNINITIALIZED_AUTOS = YES_AGGRESSIVE;
				GCC_WARN_UNUSED_FUNCTION = YES;
				GCC_WARN_UNUSED_VARIABLE = YES;
				IPHONEOS_DEPLOYMENT_TARGET = 14.1;
				MTL_ENABLE_DEBUG_INFO = NO;
				MTL_FAST_MATH = YES;
				SDKROOT = iphoneos;
				SWIFT_COMPILATION_MODE = wholemodule;
				SWIFT_OPTIMIZATION_LEVEL = "-O";
				VALIDATE_PRODUCT = YES;
			};
			name = Release;
		};
		AE75A83D257922110003941E /* Debug */ = {
			isa = XCBuildConfiguration;
			buildSettings = {
				ASSETCATALOG_COMPILER_APPICON_NAME = AppIcon;
				ASSETCATALOG_COMPILER_GLOBAL_ACCENT_COLOR_NAME = AccentColor;
				CODE_SIGN_STYLE = Automatic;
				DEVELOPMENT_ASSET_PATHS = "\"Landmarks/Preview Content\"";
				DEVELOPMENT_TEAM = VJGEDW5SA9;
				ENABLE_PREVIEWS = YES;
				INFOPLIST_FILE = Landmarks/Info.plist;
				LD_RUNPATH_SEARCH_PATHS = (
					"$(inherited)",
					"@executable_path/Frameworks",
				);
				PRODUCT_BUNDLE_IDENTIFIER = com.sunnyleeyun.Landmarks;
				PRODUCT_NAME = "$(TARGET_NAME)";
				SWIFT_VERSION = 5.0;
				TARGETED_DEVICE_FAMILY = "1,2";
			};
			name = Debug;
		};
		AE75A83E257922110003941E /* Release */ = {
			isa = XCBuildConfiguration;
			buildSettings = {
				ASSETCATALOG_COMPILER_APPICON_NAME = AppIcon;
				ASSETCATALOG_COMPILER_GLOBAL_ACCENT_COLOR_NAME = AccentColor;
				CODE_SIGN_STYLE = Automatic;
				DEVELOPMENT_ASSET_PATHS = "\"Landmarks/Preview Content\"";
				DEVELOPMENT_TEAM = VJGEDW5SA9;
				ENABLE_PREVIEWS = YES;
				INFOPLIST_FILE = Landmarks/Info.plist;
				LD_RUNPATH_SEARCH_PATHS = (
					"$(inherited)",
					"@executable_path/Frameworks",
				);
				PRODUCT_BUNDLE_IDENTIFIER = com.sunnyleeyun.Landmarks;
				PRODUCT_NAME = "$(TARGET_NAME)";
				SWIFT_VERSION = 5.0;
				TARGETED_DEVICE_FAMILY = "1,2";
			};
			name = Release;
		};
/* End XCBuildConfiguration section */

/* Begin XCConfigurationList section */
		AE75A8232579220C0003941E /* Build configuration list for PBXProject "Landmarks" */ = {
			isa = XCConfigurationList;
			buildConfigurations = (
				AE75A83A257922110003941E /* Debug */,
				AE75A83B257922110003941E /* Release */,
			);
			defaultConfigurationIsVisible = 0;
			defaultConfigurationName = Release;
		};
		AE75A83C257922110003941E /* Build configuration list for PBXNativeTarget "Landmarks" */ = {
			isa = XCConfigurationList;
			buildConfigurations = (
				AE75A83D257922110003941E /* Debug */,
				AE75A83E257922110003941E /* Release */,
			);
			defaultConfigurationIsVisible = 0;
			defaultConfigurationName = Release;
		};
/* End XCConfigurationList section */
	};
	rootObject = AE75A8202579220C0003941E /* Project object */;
}
